
Microsoft Visual Studio Solution File, Format Version 12.00
# Visual Studio Version 16
VisualStudioVersion = 16.0.30611.23
MinimumVisualStudioVersion = 10.0.40219.1
Project("{FAE04EC0-301F-11D3-BF4B-00C04F79EFBC}") = "ComputerServiceMainApi", "ComputerServiceMainApi.csproj", "{5E55FA5C-0CAA-4E3D-BD30-449529D46410}"
EndProject
Project("{FAE04EC0-301F-11D3-BF4B-00C04F79EFBC}") = "ComputerServiceModels", "..\ComputerServiceModels\ComputerServiceModels.csproj", "{B1ACFEE1-401D-41ED-A4DC-9BF3B6FE219C}"
EndProject
Global
	GlobalSection(SolutionConfigurationPlatforms) = preSolution
		Debug|Any CPU = Debug|Any CPU
		Release|Any CPU = Release|Any CPU
	EndGlobalSection
	GlobalSection(ProjectConfigurationPlatforms) = postSolution
		{5E55FA5C-0CAA-4E3D-BD30-449529D46410}.Debug|Any CPU.ActiveCfg = Debug|Any CPU
		{5E55FA5C-0CAA-4E3D-BD30-449529D46410}.Debug|Any CPU.Build.0 = Debug|Any CPU
		{5E55FA5C-0CAA-4E3D-BD30-449529D46410}.Release|Any CPU.ActiveCfg = Release|Any CPU
		{5E55FA5C-0CAA-4E3D-BD30-449529D46410}.Release|Any CPU.Build.0 = Release|Any CPU
		{B1ACFEE1-401D-41ED-A4DC-9BF3B6FE219C}.Debug|Any CPU.ActiveCfg = Debug|Any CPU
		{B1ACFEE1-401D-41ED-A4DC-9BF3B6FE219C}.Debug|Any CPU.Build.0 = Debug|Any CPU
		{B1ACFEE1-401D-41ED-A4DC-9BF3B6FE219C}.Release|Any CPU.ActiveCfg = Release|Any CPU
		{B1ACFEE1-401D-41ED-A4DC-9BF3B6FE219C}.Release|Any CPU.Build.0 = Release|Any CPU
	EndGlobalSection
	GlobalSection(SolutionProperties) = preSolution
		HideSolutionNode = FALSE
	EndGlobalSection
	GlobalSection(ExtensibilityGlobals) = postSolution
		SolutionGuid = {F65A8E8A-F56C-4A1A-9CF8-6249D9F93E62}
	EndGlobalSection
EndGlobal
